
Microsoft Visual Studio Solution File, Format Version 12.00
# Visual Studio Version 16
VisualStudioVersion = 16.0.30907.101
MinimumVisualStudioVersion = 10.0.40219.1
Project("{FAE04EC0-301F-11D3-BF4B-00C04F79EFBC}") = "DataAccess", "DataAccess\DataAccess.csproj", "{9077147D-345C-493E-BD3D-A44309943289}"
EndProject
Project("{FAE04EC0-301F-11D3-BF4B-00C04F79EFBC}") = "Business", "Business\Business.csproj", "{D6097A48-4493-403E-B7A7-D3D1D56CD423}"
EndProject
Project("{FAE04EC0-301F-11D3-BF4B-00C04F79EFBC}") = "Entities", "Entities\Entities.csproj", "{4A728138-4A3F-497A-AD51-300736CE2DFD}"
EndProject
Project("{FAE04EC0-301F-11D3-BF4B-00C04F79EFBC}") = "ConsoleUI", "ConsoleUI\ConsoleUI.csproj", "{B316E7A8-CCE9-4091-9FC9-0E03969079AB}"
EndProject
Global
	GlobalSection(SolutionConfigurationPlatforms) = preSolution
		Debug|Any CPU = Debug|Any CPU
		Release|Any CPU = Release|Any CPU
	EndGlobalSection
	GlobalSection(ProjectConfigurationPlatforms) = postSolution
		{9077147D-345C-493E-BD3D-A44309943289}.Debug|Any CPU.ActiveCfg = Debug|Any CPU
		{9077147D-345C-493E-BD3D-A44309943289}.Debug|Any CPU.Build.0 = Debug|Any CPU
		{9077147D-345C-493E-BD3D-A44309943289}.Release|Any CPU.ActiveCfg = Release|Any CPU
		{9077147D-345C-493E-BD3D-A44309943289}.Release|Any CPU.Build.0 = Release|Any CPU
		{D6097A48-4493-403E-B7A7-D3D1D56CD423}.Debug|Any CPU.ActiveCfg = Debug|Any CPU
		{D6097A48-4493-403E-B7A7-D3D1D56CD423}.Debug|Any CPU.Build.0 = Debug|Any CPU
		{D6097A48-4493-403E-B7A7-D3D1D56CD423}.Release|Any CPU.ActiveCfg = Release|Any CPU
		{D6097A48-4493-403E-B7A7-D3D1D56CD423}.Release|Any CPU.Build.0 = Release|Any CPU
		{4A728138-4A3F-497A-AD51-300736CE2DFD}.Debug|Any CPU.ActiveCfg = Debug|Any CPU
		{4A728138-4A3F-497A-AD51-300736CE2DFD}.Debug|Any CPU.Build.0 = Debug|Any CPU
		{4A728138-4A3F-497A-AD51-300736CE2DFD}.Release|Any CPU.ActiveCfg = Release|Any CPU
		{4A728138-4A3F-497A-AD51-300736CE2DFD}.Release|Any CPU.Build.0 = Release|Any CPU
		{B316E7A8-CCE9-4091-9FC9-0E03969079AB}.Debug|Any CPU.ActiveCfg = Debug|Any CPU
		{B316E7A8-CCE9-4091-9FC9-0E03969079AB}.Debug|Any CPU.Build.0 = Debug|Any CPU
		{B316E7A8-CCE9-4091-9FC9-0E03969079AB}.Release|Any CPU.ActiveCfg = Release|Any CPU
		{B316E7A8-CCE9-4091-9FC9-0E03969079AB}.Release|Any CPU.Build.0 = Release|Any CPU
	EndGlobalSection
	GlobalSection(SolutionProperties) = preSolution
		HideSolutionNode = FALSE
	EndGlobalSection
	GlobalSection(ExtensibilityGlobals) = postSolution
		SolutionGuid = {2BDB8258-851B-4F4C-A46E-280950E59EE3}
	EndGlobalSection
EndGlobal
